
Microsoft Visual Studio Solution File, Format Version 12.00
# Visual Studio Version 17
VisualStudioVersion = 17.0.32126.317
MinimumVisualStudioVersion = 10.0.40219.1
Project("{9A19103F-16F7-4668-BE54-9A1E7A4F7556}") = "AgroContainerTracker", "AgroContainerTracker\AgroContainerTracker.csproj", "{7BAE3A61-28EE-4FCE-9AFF-BD63555A27DC}"
EndProject
Project("{9A19103F-16F7-4668-BE54-9A1E7A4F7556}") = "AgroContainerTracker.Application", "AgroContainerTracker.Application\AgroContainerTracker.Application.csproj", "{D9F45AC7-D95C-4C5A-8AA3-0DC8BD73E2B4}"
EndProject
Project("{9A19103F-16F7-4668-BE54-9A1E7A4F7556}") = "AgroContainerTracker.Infrastructure", "AgroContainerTracker.Infrastructure\AgroContainerTracker.Infrastructure.csproj", "{0A99D5CB-4FA4-4445-88CA-C2A36C05536A}"
EndProject
Project("{9A19103F-16F7-4668-BE54-9A1E7A4F7556}") = "AgroContainerTracker.Data", "AgroContainerTracker.Data\AgroContainerTracker.Data.csproj", "{02FBC297-AD42-416B-97A7-8146190F45D3}"
EndProject
Project("{2150E333-8FDC-42A3-9474-1A3956D46DE8}") = "Solution Items", "Solution Items", "{D69ACF9D-3632-4D6E-BD18-FDE00846ABA8}"
	ProjectSection(SolutionItems) = preProject
		..\..\.NET-design-patterns\Directory.Build.props = ..\..\.NET-design-patterns\Directory.Build.props
	EndProjectSection
EndProject
Project("{9A19103F-16F7-4668-BE54-9A1E7A4F7556}") = "AgroContainerTracker.Domain", "AgroContainerTracker.Domain\AgroContainerTracker.Domain.csproj", "{626B9B8D-DD09-4347-9084-0B32080A2257}"
EndProject
Project("{9A19103F-16F7-4668-BE54-9A1E7A4F7556}") = "AgroContainerTracker.Shared", "AgroContainerTracker.Shared\AgroContainerTracker.Shared.csproj", "{36CDA831-041C-4536-83B2-9053DD13EF6F}"
EndProject
Project("{FAE04EC0-301F-11D3-BF4B-00C04F79EFBC}") = "WebApplication1", "WebApplication1\WebApplication1.csproj", "{CDDC74A3-11D3-461B-BE66-D50C674721E2}"
EndProject
Global
	GlobalSection(SolutionConfigurationPlatforms) = preSolution
		Debug|Any CPU = Debug|Any CPU
		Release|Any CPU = Release|Any CPU
	EndGlobalSection
	GlobalSection(ProjectConfigurationPlatforms) = postSolution
		{7BAE3A61-28EE-4FCE-9AFF-BD63555A27DC}.Debug|Any CPU.ActiveCfg = Debug|Any CPU
		{7BAE3A61-28EE-4FCE-9AFF-BD63555A27DC}.Debug|Any CPU.Build.0 = Debug|Any CPU
		{7BAE3A61-28EE-4FCE-9AFF-BD63555A27DC}.Release|Any CPU.ActiveCfg = Release|Any CPU
		{7BAE3A61-28EE-4FCE-9AFF-BD63555A27DC}.Release|Any CPU.Build.0 = Release|Any CPU
		{D9F45AC7-D95C-4C5A-8AA3-0DC8BD73E2B4}.Debug|Any CPU.ActiveCfg = Debug|Any CPU
		{D9F45AC7-D95C-4C5A-8AA3-0DC8BD73E2B4}.Debug|Any CPU.Build.0 = Debug|Any CPU
		{D9F45AC7-D95C-4C5A-8AA3-0DC8BD73E2B4}.Release|Any CPU.ActiveCfg = Release|Any CPU
		{D9F45AC7-D95C-4C5A-8AA3-0DC8BD73E2B4}.Release|Any CPU.Build.0 = Release|Any CPU
		{0A99D5CB-4FA4-4445-88CA-C2A36C05536A}.Debug|Any CPU.ActiveCfg = Debug|Any CPU
		{0A99D5CB-4FA4-4445-88CA-C2A36C05536A}.Debug|Any CPU.Build.0 = Debug|Any CPU
		{0A99D5CB-4FA4-4445-88CA-C2A36C05536A}.Release|Any CPU.ActiveCfg = Release|Any CPU
		{0A99D5CB-4FA4-4445-88CA-C2A36C05536A}.Release|Any CPU.Build.0 = Release|Any CPU
		{02FBC297-AD42-416B-97A7-8146190F45D3}.Debug|Any CPU.ActiveCfg = Debug|Any CPU
		{02FBC297-AD42-416B-97A7-8146190F45D3}.Debug|Any CPU.Build.0 = Debug|Any CPU
		{02FBC297-AD42-416B-97A7-8146190F45D3}.Release|Any CPU.ActiveCfg = Release|Any CPU
		{02FBC297-AD42-416B-97A7-8146190F45D3}.Release|Any CPU.Build.0 = Release|Any CPU
		{626B9B8D-DD09-4347-9084-0B32080A2257}.Debug|Any CPU.ActiveCfg = Debug|Any CPU
		{626B9B8D-DD09-4347-9084-0B32080A2257}.Debug|Any CPU.Build.0 = Debug|Any CPU
		{626B9B8D-DD09-4347-9084-0B32080A2257}.Release|Any CPU.ActiveCfg = Release|Any CPU
		{626B9B8D-DD09-4347-9084-0B32080A2257}.Release|Any CPU.Build.0 = Release|Any CPU
		{36CDA831-041C-4536-83B2-9053DD13EF6F}.Debug|Any CPU.ActiveCfg = Debug|Any CPU
		{36CDA831-041C-4536-83B2-9053DD13EF6F}.Debug|Any CPU.Build.0 = Debug|Any CPU
		{36CDA831-041C-4536-83B2-9053DD13EF6F}.Release|Any CPU.ActiveCfg = Release|Any CPU
		{36CDA831-041C-4536-83B2-9053DD13EF6F}.Release|Any CPU.Build.0 = Release|Any CPU
		{CDDC74A3-11D3-461B-BE66-D50C674721E2}.Debug|Any CPU.ActiveCfg = Debug|Any CPU
		{CDDC74A3-11D3-461B-BE66-D50C674721E2}.Debug|Any CPU.Build.0 = Debug|Any CPU
		{CDDC74A3-11D3-461B-BE66-D50C674721E2}.Release|Any CPU.ActiveCfg = Release|Any CPU
		{CDDC74A3-11D3-461B-BE66-D50C674721E2}.Release|Any CPU.Build.0 = Release|Any CPU
	EndGlobalSection
	GlobalSection(SolutionProperties) = preSolution
		HideSolutionNode = FALSE
	EndGlobalSection
	GlobalSection(ExtensibilityGlobals) = postSolution
		SolutionGuid = {3FDB7BCF-4498-496D-9185-17611B40D9A6}
	EndGlobalSection
EndGlobal
